{
    "name": "quickex",
    "lockfileVersion": 2,
    "requires": true,
    "packages": {
        "": {
            "name": "quickex",
            "devDependencies": {
                "turbo": "^2.3.3"
            }
        },
        "node_modules/turbo": {
            "version": "2.7.5",
            "resolved": "https://registry.npmjs.org/turbo/-/turbo-2.7.5.tgz",
            "integrity": "sha512-7Imdmg37joOloTnj+DPrab9hIaQcDdJ5RwSzcauo/wMOSAgO+A/I/8b3hsGGs6PWQz70m/jkPgdqWsfNKtwwDQ==",
            "dev": true,
            "bin": {
                "turbo": "bin/turbo"
            },
            "optionalDependencies": {
                "turbo-darwin-64": "2.7.5",
                "turbo-darwin-arm64": "2.7.5",
                "turbo-linux-64": "2.7.5",
                "turbo-linux-arm64": "2.7.5",
                "turbo-windows-64": "2.7.5",
                "turbo-windows-arm64": "2.7.5"
            }
        },
        "node_modules/turbo-darwin-64": {
            "version": "2.7.5",
            "resolved": "https://registry.npmjs.org/turbo-darwin-64/-/turbo-darwin-64-2.7.5.tgz",
            "integrity": "sha512-nN3wfLLj4OES/7awYyyM7fkU8U8sAFxsXau2bYJwAWi6T09jd87DgHD8N31zXaJ7LcpyppHWPRI2Ov9MuZEwnQ==",
            "cpu": [
                "x64"
            ],
            "dev": true,
            "optional": true,
            "os": [
                "darwin"
            ]
        },
        "node_modules/turbo-darwin-arm64": {
            "version": "2.7.5",
            "resolved": "https://registry.npmjs.org/turbo-darwin-arm64/-/turbo-darwin-arm64-2.7.5.tgz",
            "integrity": "sha512-wCoDHMiTf3FgLAbZHDDx/unNNonSGhsF5AbbYODbxnpYyoKDpEYacUEPjZD895vDhNvYCH0Nnk24YsP4n/cD6g==",
            "cpu": [
                "arm64"
            ],
            "dev": true,
            "optional": true,
            "os": [
                "darwin"
            ]
        },
        "node_modules/turbo-linux-64": {
            "version": "2.7.5",
            "resolved": "https://registry.npmjs.org/turbo-linux-64/-/turbo-linux-64-2.7.5.tgz",
            "integrity": "sha512-KKPvhOmJMmzWj/yjeO4LywkQ85vOJyhru7AZk/+c4B6OUh/odQ++SiIJBSbTG2lm1CuV5gV5vXZnf/2AMlu3Zg==",
            "cpu": [
                "x64"
            ],
            "dev": true,
            "optional": true,
            "os": [
                "linux"
            ]
        },
        "node_modules/turbo-linux-arm64": {
            "version": "2.7.5",
            "resolved": "https://registry.npmjs.org/turbo-linux-arm64/-/turbo-linux-arm64-2.7.5.tgz",
            "integrity": "sha512-8PIva4L6BQhiPikUTds9lSFSHXVDAsEvV6QUlgwPsXrtXVQMVi6Sv9p+IxtlWQFvGkdYJUgX9GnK2rC030Xcmw==",
            "cpu": [
                "arm64"
            ],
            "dev": true,
            "optional": true,
            "os": [
                "linux"
            ]
        },
        "node_modules/turbo-windows-64": {
            "version": "2.7.5",
            "resolved": "https://registry.npmjs.org/turbo-windows-64/-/turbo-windows-64-2.7.5.tgz",
            "integrity": "sha512-rupskv/mkIUgQXzX/wUiK00mKMorQcK8yzhGFha/D5lm05FEnLx8dsip6rWzMcVpvh+4GUMA56PgtnOgpel2AA==",
            "cpu": [
                "x64"
            ],
            "dev": true,
            "optional": true,
            "os": [
                "win32"
            ]
        },
        "node_modules/turbo-windows-arm64": {
            "version": "2.7.5",
            "resolved": "https://registry.npmjs.org/turbo-windows-arm64/-/turbo-windows-arm64-2.7.5.tgz",
            "integrity": "sha512-G377Gxn6P42RnCzfMyDvsqQV7j69kVHKlhz9J4RhtJOB5+DyY4yYh/w0oTIxZQ4JRMmhjwLu3w9zncMoQ6nNDw==",
            "cpu": [
                "arm64"
            ],
            "dev": true,
            "optional": true,
            "os": [
                "win32"
            ]
        }
    },
    "dependencies": {
        "turbo": {
            "version": "2.7.5",
            "resolved": "https://registry.npmjs.org/turbo/-/turbo-2.7.5.tgz",
            "integrity": "sha512-7Imdmg37joOloTnj+DPrab9hIaQcDdJ5RwSzcauo/wMOSAgO+A/I/8b3hsGGs6PWQz70m/jkPgdqWsfNKtwwDQ==",
            "dev": true,
            "requires": {
                "turbo-darwin-64": "2.7.5",
                "turbo-darwin-arm64": "2.7.5",
                "turbo-linux-64": "2.7.5",
                "turbo-linux-arm64": "2.7.5",
                "turbo-windows-64": "2.7.5",
                "turbo-windows-arm64": "2.7.5"
            }
        },
        "turbo-darwin-64": {
            "version": "2.7.5",
            "resolved": "https://registry.npmjs.org/turbo-darwin-64/-/turbo-darwin-64-2.7.5.tgz",
            "integrity": "sha512-nN3wfLLj4OES/7awYyyM7fkU8U8sAFxsXau2bYJwAWi6T09jd87DgHD8N31zXaJ7LcpyppHWPRI2Ov9MuZEwnQ==",
            "dev": true,
            "optional": true
        },
        "turbo-darwin-arm64": {
            "version": "2.7.5",
            "resolved": "https://registry.npmjs.org/turbo-darwin-arm64/-/turbo-darwin-arm64-2.7.5.tgz",
            "integrity": "sha512-wCoDHMiTf3FgLAbZHDDx/unNNonSGhsF5AbbYODbxnpYyoKDpEYacUEPjZD895vDhNvYCH0Nnk24YsP4n/cD6g==",
            "dev": true,
            "optional": true
        },
        "turbo-linux-64": {
            "version": "2.7.5",
            "resolved": "https://registry.npmjs.org/turbo-linux-64/-/turbo-linux-64-2.7.5.tgz",
            "integrity": "sha512-KKPvhOmJMmzWj/yjeO4LywkQ85vOJyhru7AZk/+c4B6OUh/odQ++SiIJBSbTG2lm1CuV5gV5vXZnf/2AMlu3Zg==",
            "dev": true,
            "optional": true
        },
        "turbo-linux-arm64": {
            "version": "2.7.5",
            "resolved": "https://registry.npmjs.org/turbo-linux-arm64/-/turbo-linux-arm64-2.7.5.tgz",
            "integrity": "sha512-8PIva4L6BQhiPikUTds9lSFSHXVDAsEvV6QUlgwPsXrtXVQMVi6Sv9p+IxtlWQFvGkdYJUgX9GnK2rC030Xcmw==",
            "dev": true,
            "optional": true
        },
        "turbo-windows-64": {
            "version": "2.7.5",
            "resolved": "https://registry.npmjs.org/turbo-windows-64/-/turbo-windows-64-2.7.5.tgz",
            "integrity": "sha512-rupskv/mkIUgQXzX/wUiK00mKMorQcK8yzhGFha/D5lm05FEnLx8dsip6rWzMcVpvh+4GUMA56PgtnOgpel2AA==",
            "dev": true,
            "optional": true
        },
        "turbo-windows-arm64": {
            "version": "2.7.5",
            "resolved": "https://registry.npmjs.org/turbo-windows-arm64/-/turbo-windows-arm64-2.7.5.tgz",
            "integrity": "sha512-G377Gxn6P42RnCzfMyDvsqQV7j69kVHKlhz9J4RhtJOB5+DyY4yYh/w0oTIxZQ4JRMmhjwLu3w9zncMoQ6nNDw==",
            "dev": true,
            "optional": true
        }
    }
}
